
Microsoft Visual Studio Solution File, Format Version 12.00
# Visual Studio 14
VisualStudioVersion = 14.0.25420.1
MinimumVisualStudioVersion = 10.0.40219.1
Project("{FAE04EC0-301F-11D3-BF4B-00C04F79EFBC}") = "DataLayer", "DataLayer\DataLayer.csproj", "{6E18DEA8-43BA-41A9-BED4-FB7356FC6C4F}"
EndProject
Project("{FAE04EC0-301F-11D3-BF4B-00C04F79EFBC}") = "BusinessLayer", "BusinessLayer\BusinessLayer.csproj", "{B96B8340-1A53-4DB5-A6D4-29B5CAE4DCAF}"
EndProject
Project("{FAE04EC0-301F-11D3-BF4B-00C04F79EFBC}") = "Testes", "Testes\Testes.csproj", "{BB7FB70A-EDC8-4654-A4B3-6799AA829CCE}"
EndProject
Project("{FAE04EC0-301F-11D3-BF4B-00C04F79EFBC}") = "ServiceLayer", "ServiceLayer\ServiceLayer.csproj", "{66EE4D04-8F0B-4D3A-B614-0D582F6516DD}"
EndProject
Project("{FAE04EC0-301F-11D3-BF4B-00C04F79EFBC}") = "WebLayerProject", "WebLayerProject\WebLayerProject.csproj", "{C253C4E5-9137-4B31-B7B1-2A7EECEC52E4}"
EndProject
Global
	GlobalSection(SolutionConfigurationPlatforms) = preSolution
		Debug|Any CPU = Debug|Any CPU
		Debug|x86 = Debug|x86
		Release|Any CPU = Release|Any CPU
		Release|x86 = Release|x86
	EndGlobalSection
	GlobalSection(ProjectConfigurationPlatforms) = postSolution
		{6E18DEA8-43BA-41A9-BED4-FB7356FC6C4F}.Debug|Any CPU.ActiveCfg = Debug|Any CPU
		{6E18DEA8-43BA-41A9-BED4-FB7356FC6C4F}.Debug|Any CPU.Build.0 = Debug|Any CPU
		{6E18DEA8-43BA-41A9-BED4-FB7356FC6C4F}.Debug|x86.ActiveCfg = Debug|Any CPU
		{6E18DEA8-43BA-41A9-BED4-FB7356FC6C4F}.Debug|x86.Build.0 = Debug|Any CPU
		{6E18DEA8-43BA-41A9-BED4-FB7356FC6C4F}.Release|Any CPU.ActiveCfg = Release|Any CPU
		{6E18DEA8-43BA-41A9-BED4-FB7356FC6C4F}.Release|Any CPU.Build.0 = Release|Any CPU
		{6E18DEA8-43BA-41A9-BED4-FB7356FC6C4F}.Release|x86.ActiveCfg = Release|Any CPU
		{6E18DEA8-43BA-41A9-BED4-FB7356FC6C4F}.Release|x86.Build.0 = Release|Any CPU
		{B96B8340-1A53-4DB5-A6D4-29B5CAE4DCAF}.Debug|Any CPU.ActiveCfg = Debug|Any CPU
		{B96B8340-1A53-4DB5-A6D4-29B5CAE4DCAF}.Debug|Any CPU.Build.0 = Debug|Any CPU
		{B96B8340-1A53-4DB5-A6D4-29B5CAE4DCAF}.Debug|x86.ActiveCfg = Debug|Any CPU
		{B96B8340-1A53-4DB5-A6D4-29B5CAE4DCAF}.Debug|x86.Build.0 = Debug|Any CPU
		{B96B8340-1A53-4DB5-A6D4-29B5CAE4DCAF}.Release|Any CPU.ActiveCfg = Release|Any CPU
		{B96B8340-1A53-4DB5-A6D4-29B5CAE4DCAF}.Release|Any CPU.Build.0 = Release|Any CPU
		{B96B8340-1A53-4DB5-A6D4-29B5CAE4DCAF}.Release|x86.ActiveCfg = Release|Any CPU
		{B96B8340-1A53-4DB5-A6D4-29B5CAE4DCAF}.Release|x86.Build.0 = Release|Any CPU
		{BB7FB70A-EDC8-4654-A4B3-6799AA829CCE}.Debug|Any CPU.ActiveCfg = Debug|Any CPU
		{BB7FB70A-EDC8-4654-A4B3-6799AA829CCE}.Debug|Any CPU.Build.0 = Debug|Any CPU
		{BB7FB70A-EDC8-4654-A4B3-6799AA829CCE}.Debug|x86.ActiveCfg = Debug|Any CPU
		{BB7FB70A-EDC8-4654-A4B3-6799AA829CCE}.Debug|x86.Build.0 = Debug|Any CPU
		{BB7FB70A-EDC8-4654-A4B3-6799AA829CCE}.Release|Any CPU.ActiveCfg = Release|Any CPU
		{BB7FB70A-EDC8-4654-A4B3-6799AA829CCE}.Release|Any CPU.Build.0 = Release|Any CPU
		{BB7FB70A-EDC8-4654-A4B3-6799AA829CCE}.Release|x86.ActiveCfg = Release|Any CPU
		{BB7FB70A-EDC8-4654-A4B3-6799AA829CCE}.Release|x86.Build.0 = Release|Any CPU
		{66EE4D04-8F0B-4D3A-B614-0D582F6516DD}.Debug|Any CPU.ActiveCfg = Debug|Any CPU
		{66EE4D04-8F0B-4D3A-B614-0D582F6516DD}.Debug|Any CPU.Build.0 = Debug|Any CPU
		{66EE4D04-8F0B-4D3A-B614-0D582F6516DD}.Debug|x86.ActiveCfg = Debug|Any CPU
		{66EE4D04-8F0B-4D3A-B614-0D582F6516DD}.Debug|x86.Build.0 = Debug|Any CPU
		{66EE4D04-8F0B-4D3A-B614-0D582F6516DD}.Release|Any CPU.ActiveCfg = Release|Any CPU
		{66EE4D04-8F0B-4D3A-B614-0D582F6516DD}.Release|Any CPU.Build.0 = Release|Any CPU
		{66EE4D04-8F0B-4D3A-B614-0D582F6516DD}.Release|x86.ActiveCfg = Release|Any CPU
		{66EE4D04-8F0B-4D3A-B614-0D582F6516DD}.Release|x86.Build.0 = Release|Any CPU
		{C253C4E5-9137-4B31-B7B1-2A7EECEC52E4}.Debug|Any CPU.ActiveCfg = Debug|Any CPU
		{C253C4E5-9137-4B31-B7B1-2A7EECEC52E4}.Debug|Any CPU.Build.0 = Debug|Any CPU
		{C253C4E5-9137-4B31-B7B1-2A7EECEC52E4}.Debug|x86.ActiveCfg = Debug|Any CPU
		{C253C4E5-9137-4B31-B7B1-2A7EECEC52E4}.Debug|x86.Build.0 = Debug|Any CPU
		{C253C4E5-9137-4B31-B7B1-2A7EECEC52E4}.Release|Any CPU.ActiveCfg = Release|Any CPU
		{C253C4E5-9137-4B31-B7B1-2A7EECEC52E4}.Release|Any CPU.Build.0 = Release|Any CPU
		{C253C4E5-9137-4B31-B7B1-2A7EECEC52E4}.Release|x86.ActiveCfg = Release|Any CPU
		{C253C4E5-9137-4B31-B7B1-2A7EECEC52E4}.Release|x86.Build.0 = Release|Any CPU
	EndGlobalSection
	GlobalSection(SolutionProperties) = preSolution
		HideSolutionNode = FALSE
	EndGlobalSection
EndGlobal
